
Microsoft Visual Studio Solution File, Format Version 12.00
# Visual Studio 15
VisualStudioVersion = 15.0.28307.1082
MinimumVisualStudioVersion = 10.0.40219.1
Project("{FAE04EC0-301F-11D3-BF4B-00C04F79EFBC}") = "QRiMovWeb", "QRiMovWeb\QRiMovWeb.csproj", "{06C4FD83-E96E-4868-B494-7699F1334712}"
EndProject
Global
	GlobalSection(SolutionConfigurationPlatforms) = preSolution
		Debug|Any CPU = Debug|Any CPU
		Release|Any CPU = Release|Any CPU
	EndGlobalSection
	GlobalSection(ProjectConfigurationPlatforms) = postSolution
		{06C4FD83-E96E-4868-B494-7699F1334712}.Debug|Any CPU.ActiveCfg = Debug|Any CPU
		{06C4FD83-E96E-4868-B494-7699F1334712}.Debug|Any CPU.Build.0 = Debug|Any CPU
		{06C4FD83-E96E-4868-B494-7699F1334712}.Release|Any CPU.ActiveCfg = Release|Any CPU
		{06C4FD83-E96E-4868-B494-7699F1334712}.Release|Any CPU.Build.0 = Release|Any CPU
	EndGlobalSection
	GlobalSection(SolutionProperties) = preSolution
		HideSolutionNode = FALSE
	EndGlobalSection
	GlobalSection(ExtensibilityGlobals) = postSolution
		SolutionGuid = {85764FE6-C339-40C2-982F-A9D6D7992DF3}
	EndGlobalSection
EndGlobal
